
Microsoft Visual Studio Solution File, Format Version 12.00
# Visual Studio Version 17
VisualStudioVersion = 17.1.32319.34
MinimumVisualStudioVersion = 10.0.40219.1
Project("{9A19103F-16F7-4668-BE54-9A1E7A4F7556}") = "Intro", "Intro.csproj", "{49C94980-59DF-43AA-8696-0D382CA2863A}"
EndProject
Global
	GlobalSection(SolutionConfigurationPlatforms) = preSolution
		Debug|Any CPU = Debug|Any CPU
		Release|Any CPU = Release|Any CPU
	EndGlobalSection
	GlobalSection(ProjectConfigurationPlatforms) = postSolution
		{49C94980-59DF-43AA-8696-0D382CA2863A}.Debug|Any CPU.ActiveCfg = Debug|Any CPU
		{49C94980-59DF-43AA-8696-0D382CA2863A}.Debug|Any CPU.Build.0 = Debug|Any CPU
		{49C94980-59DF-43AA-8696-0D382CA2863A}.Release|Any CPU.ActiveCfg = Release|Any CPU
		{49C94980-59DF-43AA-8696-0D382CA2863A}.Release|Any CPU.Build.0 = Release|Any CPU
	EndGlobalSection
	GlobalSection(SolutionProperties) = preSolution
		HideSolutionNode = FALSE
	EndGlobalSection
	GlobalSection(ExtensibilityGlobals) = postSolution
		SolutionGuid = {E539206F-D1BE-4819-82A6-18CC169B6074}
	EndGlobalSection
EndGlobal
